# This file is automatically @generated by Cargo.
# It is not intended for manual editing.
version = 4

[[package]]
name = "screen-application"
version = "0.1.0"
dependencies = [
 "screen-color",
 "screen-contracts",
 "screen-geometry",
 "screen-media",
 "screen-panel",
]

[[package]]
name = "screen-color"
version = "0.1.0"
dependencies = [
 "screen-contracts",
]

[[package]]
name = "screen-contracts"
version = "0.1.0"

[[package]]
name = "screen-desktop"
version = "0.1.0"
dependencies = [
 "screen-application",
 "screen-color",
 "screen-contracts",
 "screen-geometry",
 "screen-media",
 "screen-panel",
 "screen-persistence",
 "screen-platform",
]

[[package]]
name = "screen-geometry"
version = "0.1.0"
dependencies = [
 "screen-contracts",
]

[[package]]
name = "screen-media"
version = "0.1.0"
dependencies = [
 "screen-contracts",
]

[[package]]
name = "screen-panel"
version = "0.1.0"
dependencies = [
 "screen-contracts",
]

[[package]]
name = "screen-persistence"
version = "0.1.0"
dependencies = [
 "screen-contracts",
]

[[package]]
name = "screen-platform"
version = "0.1.0"
dependencies = [
 "screen-color",
 "screen-contracts",
 "screen-media",
]
