{
  "originHash" : "783a3954c9dfc8807a8485b96ed081aa6712efe7c2173c578a7db23eeecdf219",
  "pins" : [
    {
      "identity" : "studiovideooutput",
      "kind" : "remoteSourceControl",
      "location" : "https://github.com/jtorrens/StudioVideoOutput.git",
      "state" : {
        "revision" : "5b82e0a5505fc86dcbeda53bc767602b602de44f",
        "version" : "0.2.0"
      }
    }
  ],
  "version" : 3
}
